<?xml version="1.0" encoding="utf-8"?>
<Project ToolsVersion="4.0" xmlns="http://schemas.microsoft.com/developer/msbuild/2003">
  <ItemGroup>
    <Filter Include="Resource Files">
      <UniqueIdentifier>{67DA6AB6-F800-4c08-8B7A-83BB121AAD01}</UniqueIdentifier>
      <Extensions>rc;ico;cur;bmp;dlg;rc2;rct;bin;rgs;gif;jpg;jpeg;jpe;resx;tiff;tif;png;wav</Extensions>
    </Filter>
    <Filter Include="SampleApp">
      <UniqueIdentifier>{12c4aaa5-15eb-44d5-8620-5b3fbd203d06}</UniqueIdentifier>
    </Filter>
    <Filter Include="Extras">
      <UniqueIdentifier>{317b9033-7286-4465-b137-2b53e732b330}</UniqueIdentifier>
    </Filter>
    <Filter Include="KCD">
      <UniqueIdentifier>{2bc08336-37cb-424f-8e6d-c31f254b798e}</UniqueIdentifier>
    </Filter>
  </ItemGroup>
  <ItemGroup>
    <ClInclude Include="..\include\KCDApp.h">
      <Filter>SampleApp</Filter>
    </ClInclude>
    <ClInclude Include="..\include\GlobalTime.h">
      <Filter>Extras</Filter>
    </ClInclude>
    <ClInclude Include="..\include\Subject.h">
      <Filter>Extras</Filter>
    </ClInclude>
    <ClInclude Include="..\include\Process.h">
      <Filter>Extras</Filter>
    </ClInclude>
    <ClInclude Include="..\KCD\include\KCDDeviceStage.h">
      <Filter>KCD</Filter>
    </ClInclude>
    <ClInclude Include="..\KCD\include\KCDMaskStage.h">
      <Filter>KCD</Filter>
    </ClInclude>
    <ClInclude Include="..\KCD\include\KCDPerformanceQueryStage.h">
      <Filter>KCD</Filter>
    </ClInclude>
    <ClInclude Include="..\KCD\include\KCDPipeline.h">
      <Filter>KCD</Filter>
    </ClInclude>
    <ClInclude Include="..\KCD\include\KCDUtils.h">
      <Filter>KCD</Filter>
    </ClInclude>
    <ClInclude Include="..\KCD\include\NUIManager.h">
      <Filter>KCD</Filter>
    </ClInclude>
    <ClInclude Include="..\KCD\include\KCDActiveUserStage.h">
      <Filter>KCD</Filter>
    </ClInclude>
    <ClInclude Include="..\KCD\include\KCDBodyStage.h">
      <Filter>KCD</Filter>
    </ClInclude>
    <ClInclude Include="..\KCD\include\KCDColorStage.h">
      <Filter>KCD</Filter>
    </ClInclude>
    <ClInclude Include="..\KCD\include\KCDDeviceOld.h">
      <Filter>KCD</Filter>
    </ClInclude>
  </ItemGroup>
  <ItemGroup>
    <ResourceCompile Include="Resources.rc">
      <Filter>Resource Files</Filter>
    </ResourceCompile>
  </ItemGroup>
  <ItemGroup>
    <ClCompile Include="..\src\KCDApp.cpp">
      <Filter>SampleApp</Filter>
    </ClCompile>
    <ClCompile Include="..\src\GlobalTime.cpp">
      <Filter>Extras</Filter>
    </ClCompile>
    <ClCompile Include="..\src\Process.cpp">
      <Filter>Extras</Filter>
    </ClCompile>
    <ClCompile Include="..\KCD\src\KCDMaskStage.cpp">
      <Filter>KCD</Filter>
    </ClCompile>
    <ClCompile Include="..\KCD\src\KCDPerformanceQueryStage.cpp">
      <Filter>KCD</Filter>
    </ClCompile>
    <ClCompile Include="..\KCD\src\KCDPipeline.cpp">
      <Filter>KCD</Filter>
    </ClCompile>
    <ClCompile Include="..\KCD\src\NUIManager.cpp">
      <Filter>KCD</Filter>
    </ClCompile>
    <ClCompile Include="..\KCD\src\KCDActiveUserStage.cpp">
      <Filter>KCD</Filter>
    </ClCompile>
    <ClCompile Include="..\KCD\src\KCDBodyStage.cpp">
      <Filter>KCD</Filter>
    </ClCompile>
    <ClCompile Include="..\KCD\src\KCDColorStage.cpp">
      <Filter>KCD</Filter>
    </ClCompile>
    <ClCompile Include="..\KCD\src\KCDDeviceStage.cpp">
      <Filter>KCD</Filter>
    </ClCompile>
  </ItemGroup>
  <ItemGroup>
    <None Include="..\assets\maskrgb_frag.glsl">
      <Filter>Extras</Filter>
    </None>
    <None Include="..\assets\passThru_vert.glsl">
      <Filter>Extras</Filter>
    </None>
  </ItemGroup>
</Project>